// !$*UTF8*$!
{
	archiveVersion = 1;
	classes = {
	};
	objectVersion = 56;
	objects = {

/* Begin PBXBuildFile section */
		8158EA232B2B70BF00CB10F4 /* SearchFilter.swift in Sources */ = {isa = PBXBuildFile; fileRef = 8158EA222B2B70BF00CB10F4 /* SearchFilter.swift */; };
		8158EA252B2B70D900CB10F4 /* DirectionsView.swift in Sources */ = {isa = PBXBuildFile; fileRef = 8158EA242B2B70D900CB10F4 /* DirectionsView.swift */; };
		8158EA272B2B70EB00CB10F4 /* IngredientsView.swift in Sources */ = {isa = PBXBuildFile; fileRef = 8158EA262B2B70EB00CB10F4 /* IngredientsView.swift */; };
		8158EA292B2B710500CB10F4 /* ScalePopoverView.swift in Sources */ = {isa = PBXBuildFile; fileRef = 8158EA282B2B710500CB10F4 /* ScalePopoverView.swift */; };
		8158EA2B2B2B712300CB10F4 /* RecipeSegmentedView.swift in Sources */ = {isa = PBXBuildFile; fileRef = 8158EA2A2B2B712300CB10F4 /* RecipeSegmentedView.swift */; };
		8158EA2D2B2B724A00CB10F4 /* DateFormatter+CustomDateFormatter.swift in Sources */ = {isa = PBXBuildFile; fileRef = 8158EA2C2B2B724A00CB10F4 /* DateFormatter+CustomDateFormatter.swift */; };
		815F3A982B267FF800E455EA /* RecipeCardView.swift in Sources */ = {isa = PBXBuildFile; fileRef = 815F3A972B267FF800E455EA /* RecipeCardView.swift */; };
		815F3A9A2B2686CC00E455EA /* HeartDisplayView.swift in Sources */ = {isa = PBXBuildFile; fileRef = 815F3A992B2686CC00E455EA /* HeartDisplayView.swift */; };
		815F3A9C2B27C1B300E455EA /* SearchOptionsSheetView.swift in Sources */ = {isa = PBXBuildFile; fileRef = 815F3A9B2B27C1B300E455EA /* SearchOptionsSheetView.swift */; };
		815F3AA02B282C0D00E455EA /* RecipeInformationView.swift in Sources */ = {isa = PBXBuildFile; fileRef = 815F3A9F2B282C0D00E455EA /* RecipeInformationView.swift */; };
		815F3AA92B28CD7D00E455EA /* View+ToolbarBackground.swift in Sources */ = {isa = PBXBuildFile; fileRef = 815F3AA82B28CD7D00E455EA /* View+ToolbarBackground.swift */; };
		815F3AAB2B28D49800E455EA /* View+Encapsulate.swift in Sources */ = {isa = PBXBuildFile; fileRef = 815F3AAA2B28D49800E455EA /* View+Encapsulate.swift */; };
		815F3AAD2B28E05800E455EA /* MealInfoView.swift in Sources */ = {isa = PBXBuildFile; fileRef = 815F3AAC2B28E05800E455EA /* MealInfoView.swift */; };
		817228D62B13FA8B002AAE3C /* Recipe.swift in Sources */ = {isa = PBXBuildFile; fileRef = 817228D52B13FA8B002AAE3C /* Recipe.swift */; };
		817228DB2B141A41002AAE3C /* AWSCognitoAuthPlugin in Frameworks */ = {isa = PBXBuildFile; productRef = 817228DA2B141A41002AAE3C /* AWSCognitoAuthPlugin */; };
		817228DD2B141A41002AAE3C /* AWSS3StoragePlugin in Frameworks */ = {isa = PBXBuildFile; productRef = 817228DC2B141A41002AAE3C /* AWSS3StoragePlugin */; };
		817228DF2B141A41002AAE3C /* Amplify in Frameworks */ = {isa = PBXBuildFile; productRef = 817228DE2B141A41002AAE3C /* Amplify */; };
		817228E72B144D64002AAE3C /* RecipeComponentView.swift in Sources */ = {isa = PBXBuildFile; fileRef = 817228E62B144D64002AAE3C /* RecipeComponentView.swift */; };
		817228E92B1450E0002AAE3C /* RecipesInitializer.json in Resources */ = {isa = PBXBuildFile; fileRef = 817228E82B1450E0002AAE3C /* RecipesInitializer.json */; };
		817228EB2B14550F002AAE3C /* RecipeJSON.swift in Sources */ = {isa = PBXBuildFile; fileRef = 817228EA2B14550F002AAE3C /* RecipeJSON.swift */; };
		817228EF2B15B2D8002AAE3C /* IngredientInputView.swift in Sources */ = {isa = PBXBuildFile; fileRef = 817228EE2B15B2D8002AAE3C /* IngredientInputView.swift */; };
		817228F12B163B7D002AAE3C /* DirectionInputView.swift in Sources */ = {isa = PBXBuildFile; fileRef = 817228F02B163B7D002AAE3C /* DirectionInputView.swift */; };
		817228F52B1796E8002AAE3C /* RatingsView.swift in Sources */ = {isa = PBXBuildFile; fileRef = 817228F42B1796E8002AAE3C /* RatingsView.swift */; };
		817228F72B185819002AAE3C /* HeartFavoriteView.swift in Sources */ = {isa = PBXBuildFile; fileRef = 817228F62B185819002AAE3C /* HeartFavoriteView.swift */; };
		817665092B0674C000D640F1 /* RecipesApp.swift in Sources */ = {isa = PBXBuildFile; fileRef = 817665082B0674C000D640F1 /* RecipesApp.swift */; };
		8176650B2B0674C000D640F1 /* ContentView.swift in Sources */ = {isa = PBXBuildFile; fileRef = 8176650A2B0674C000D640F1 /* ContentView.swift */; };
		8176650F2B0674C100D640F1 /* Assets.xcassets in Resources */ = {isa = PBXBuildFile; fileRef = 8176650E2B0674C100D640F1 /* Assets.xcassets */; };
		817665132B0674C100D640F1 /* Preview Assets.xcassets in Resources */ = {isa = PBXBuildFile; fileRef = 817665122B0674C100D640F1 /* Preview Assets.xcassets */; };
		8176651D2B0674C100D640F1 /* RecipesTests.swift in Sources */ = {isa = PBXBuildFile; fileRef = 8176651C2B0674C100D640F1 /* RecipesTests.swift */; };
		817665272B0674C200D640F1 /* RecipesUITests.swift in Sources */ = {isa = PBXBuildFile; fileRef = 817665262B0674C200D640F1 /* RecipesUITests.swift */; };
		817665292B0674C200D640F1 /* RecipesUITestsLaunchTests.swift in Sources */ = {isa = PBXBuildFile; fileRef = 817665282B0674C200D640F1 /* RecipesUITestsLaunchTests.swift */; };
		817665372B0674EB00D640F1 /* MarkdownUI in Frameworks */ = {isa = PBXBuildFile; productRef = 817665362B0674EB00D640F1 /* MarkdownUI */; };
		8176653C2B13C45700D640F1 /* AWSS3 in Frameworks */ = {isa = PBXBuildFile; productRef = 8176653B2B13C45700D640F1 /* AWSS3 */; };
		81D146922B18E24900464427 /* NoRecipesView.swift in Sources */ = {isa = PBXBuildFile; fileRef = 81D146912B18E24900464427 /* NoRecipesView.swift */; };
		81D146942B18E8C200464427 /* EditRecipeView.swift in Sources */ = {isa = PBXBuildFile; fileRef = 81D146932B18E8C200464427 /* EditRecipeView.swift */; };
		81D146972B1CECE600464427 /* MultiPicker in Frameworks */ = {isa = PBXBuildFile; productRef = 81D146962B1CECE600464427 /* MultiPicker */; };
		81D146992B1CF80B00464427 /* MultiSelectionView.swift in Sources */ = {isa = PBXBuildFile; fileRef = 81D146982B1CF80B00464427 /* MultiSelectionView.swift */; };
		81D1469B2B1CFAC100464427 /* MultiSelector.swift in Sources */ = {isa = PBXBuildFile; fileRef = 81D1469A2B1CFAC100464427 /* MultiSelector.swift */; };
		81D1469D2B1D372D00464427 /* SelectCategoryView.swift in Sources */ = {isa = PBXBuildFile; fileRef = 81D1469C2B1D372D00464427 /* SelectCategoryView.swift */; };
		81D1469F2B1D5D2600464427 /* CategorySheetView.swift in Sources */ = {isa = PBXBuildFile; fileRef = 81D1469E2B1D5D2600464427 /* CategorySheetView.swift */; };
		81D146A12B1E21BA00464427 /* CategorySheetComponentView.swift in Sources */ = {isa = PBXBuildFile; fileRef = 81D146A02B1E21BA00464427 /* CategorySheetComponentView.swift */; };
		81D146A32B1E2AC800464427 /* CategoriesInitializer.json in Resources */ = {isa = PBXBuildFile; fileRef = 81D146A22B1E2AC800464427 /* CategoriesInitializer.json */; };
		81D146A52B1EE4EB00464427 /* HomePageView.swift in Sources */ = {isa = PBXBuildFile; fileRef = 81D146A42B1EE4EB00464427 /* HomePageView.swift */; };
		81D146AD2B23D65D00464427 /* RatingsDisplayView.swift in Sources */ = {isa = PBXBuildFile; fileRef = 81D146AC2B23D65D00464427 /* RatingsDisplayView.swift */; };
		81D146AF2B24F91100464427 /* NewCategoryView.swift in Sources */ = {isa = PBXBuildFile; fileRef = 81D146AE2B24F91100464427 /* NewCategoryView.swift */; };
/* End PBXBuildFile section */

/* Begin PBXContainerItemProxy section */
		817665192B0674C100D640F1 /* PBXContainerItemProxy */ = {
			isa = PBXContainerItemProxy;
			containerPortal = 817664FD2B0674C000D640F1 /* Project object */;
			proxyType = 1;
			remoteGlobalIDString = 817665042B0674C000D640F1;
			remoteInfo = Recipes;
		};
		817665232B0674C200D640F1 /* PBXContainerItemProxy */ = {
			isa = PBXContainerItemProxy;
			containerPortal = 817664FD2B0674C000D640F1 /* Project object */;
			proxyType = 1;
			remoteGlobalIDString = 817665042B0674C000D640F1;
			remoteInfo = Recipes;
		};
/* End PBXContainerItemProxy section */

/* Begin PBXFileReference section */
		8158EA222B2B70BF00CB10F4 /* SearchFilter.swift */ = {isa = PBXFileReference; lastKnownFileType = sourcecode.swift; path = SearchFilter.swift; sourceTree = "<group>"; };
		8158EA242B2B70D900CB10F4 /* DirectionsView.swift */ = {isa = PBXFileReference; lastKnownFileType = sourcecode.swift; path = DirectionsView.swift; sourceTree = "<group>"; };
		8158EA262B2B70EB00CB10F4 /* IngredientsView.swift */ = {isa = PBXFileReference; lastKnownFileType = sourcecode.swift; path = IngredientsView.swift; sourceTree = "<group>"; };
		8158EA282B2B710500CB10F4 /* ScalePopoverView.swift */ = {isa = PBXFileReference; lastKnownFileType = sourcecode.swift; path = ScalePopoverView.swift; sourceTree = "<group>"; };
		8158EA2A2B2B712300CB10F4 /* RecipeSegmentedView.swift */ = {isa = PBXFileReference; lastKnownFileType = sourcecode.swift; path = RecipeSegmentedView.swift; sourceTree = "<group>"; };
		8158EA2C2B2B724A00CB10F4 /* DateFormatter+CustomDateFormatter.swift */ = {isa = PBXFileReference; lastKnownFileType = sourcecode.swift; path = "DateFormatter+CustomDateFormatter.swift"; sourceTree = "<group>"; };
		815F3A972B267FF800E455EA /* RecipeCardView.swift */ = {isa = PBXFileReference; lastKnownFileType = sourcecode.swift; path = RecipeCardView.swift; sourceTree = "<group>"; };
		815F3A992B2686CC00E455EA /* HeartDisplayView.swift */ = {isa = PBXFileReference; lastKnownFileType = sourcecode.swift; path = HeartDisplayView.swift; sourceTree = "<group>"; };
		815F3A9B2B27C1B300E455EA /* SearchOptionsSheetView.swift */ = {isa = PBXFileReference; lastKnownFileType = sourcecode.swift; path = SearchOptionsSheetView.swift; sourceTree = "<group>"; };
		815F3A9F2B282C0D00E455EA /* RecipeInformationView.swift */ = {isa = PBXFileReference; lastKnownFileType = sourcecode.swift; path = RecipeInformationView.swift; sourceTree = "<group>"; };
		815F3AA82B28CD7D00E455EA /* View+ToolbarBackground.swift */ = {isa = PBXFileReference; lastKnownFileType = sourcecode.swift; path = "View+ToolbarBackground.swift"; sourceTree = "<group>"; };
		815F3AAA2B28D49800E455EA /* View+Encapsulate.swift */ = {isa = PBXFileReference; lastKnownFileType = sourcecode.swift; path = "View+Encapsulate.swift"; sourceTree = "<group>"; };
		815F3AAC2B28E05800E455EA /* MealInfoView.swift */ = {isa = PBXFileReference; lastKnownFileType = sourcecode.swift; path = MealInfoView.swift; sourceTree = "<group>"; };
		817228D52B13FA8B002AAE3C /* Recipe.swift */ = {isa = PBXFileReference; lastKnownFileType = sourcecode.swift; path = Recipe.swift; sourceTree = "<group>"; };
		817228E62B144D64002AAE3C /* RecipeComponentView.swift */ = {isa = PBXFileReference; lastKnownFileType = sourcecode.swift; path = RecipeComponentView.swift; sourceTree = "<group>"; };
		817228E82B1450E0002AAE3C /* RecipesInitializer.json */ = {isa = PBXFileReference; fileEncoding = 4; lastKnownFileType = text.json; path = RecipesInitializer.json; sourceTree = "<group>"; };
		817228EA2B14550F002AAE3C /* RecipeJSON.swift */ = {isa = PBXFileReference; lastKnownFileType = sourcecode.swift; path = RecipeJSON.swift; sourceTree = "<group>"; };
		817228EE2B15B2D8002AAE3C /* IngredientInputView.swift */ = {isa = PBXFileReference; lastKnownFileType = sourcecode.swift; path = IngredientInputView.swift; sourceTree = "<group>"; };
		817228F02B163B7D002AAE3C /* DirectionInputView.swift */ = {isa = PBXFileReference; lastKnownFileType = sourcecode.swift; path = DirectionInputView.swift; sourceTree = "<group>"; };
		817228F42B1796E8002AAE3C /* RatingsView.swift */ = {isa = PBXFileReference; lastKnownFileType = sourcecode.swift; path = RatingsView.swift; sourceTree = "<group>"; };
		817228F62B185819002AAE3C /* HeartFavoriteView.swift */ = {isa = PBXFileReference; lastKnownFileType = sourcecode.swift; path = HeartFavoriteView.swift; sourceTree = "<group>"; };
		817665052B0674C000D640F1 /* Recipes.app */ = {isa = PBXFileReference; explicitFileType = wrapper.application; includeInIndex = 0; path = Recipes.app; sourceTree = BUILT_PRODUCTS_DIR; };
		817665082B0674C000D640F1 /* RecipesApp.swift */ = {isa = PBXFileReference; lastKnownFileType = sourcecode.swift; path = RecipesApp.swift; sourceTree = "<group>"; };
		8176650A2B0674C000D640F1 /* ContentView.swift */ = {isa = PBXFileReference; lastKnownFileType = sourcecode.swift; path = ContentView.swift; sourceTree = "<group>"; };
		8176650E2B0674C100D640F1 /* Assets.xcassets */ = {isa = PBXFileReference; lastKnownFileType = folder.assetcatalog; path = Assets.xcassets; sourceTree = "<group>"; };
		817665102B0674C100D640F1 /* Recipes.entitlements */ = {isa = PBXFileReference; lastKnownFileType = text.plist.entitlements; path = Recipes.entitlements; sourceTree = "<group>"; };
		817665122B0674C100D640F1 /* Preview Assets.xcassets */ = {isa = PBXFileReference; lastKnownFileType = folder.assetcatalog; path = "Preview Assets.xcassets"; sourceTree = "<group>"; };
		817665182B0674C100D640F1 /* RecipesTests.xctest */ = {isa = PBXFileReference; explicitFileType = wrapper.cfbundle; includeInIndex = 0; path = RecipesTests.xctest; sourceTree = BUILT_PRODUCTS_DIR; };
		8176651C2B0674C100D640F1 /* RecipesTests.swift */ = {isa = PBXFileReference; lastKnownFileType = sourcecode.swift; path = RecipesTests.swift; sourceTree = "<group>"; };
		817665222B0674C200D640F1 /* RecipesUITests.xctest */ = {isa = PBXFileReference; explicitFileType = wrapper.cfbundle; includeInIndex = 0; path = RecipesUITests.xctest; sourceTree = BUILT_PRODUCTS_DIR; };
		817665262B0674C200D640F1 /* RecipesUITests.swift */ = {isa = PBXFileReference; lastKnownFileType = sourcecode.swift; path = RecipesUITests.swift; sourceTree = "<group>"; };
		817665282B0674C200D640F1 /* RecipesUITestsLaunchTests.swift */ = {isa = PBXFileReference; lastKnownFileType = sourcecode.swift; path = RecipesUITestsLaunchTests.swift; sourceTree = "<group>"; };
		81D146912B18E24900464427 /* NoRecipesView.swift */ = {isa = PBXFileReference; lastKnownFileType = sourcecode.swift; path = NoRecipesView.swift; sourceTree = "<group>"; };
		81D146932B18E8C200464427 /* EditRecipeView.swift */ = {isa = PBXFileReference; lastKnownFileType = sourcecode.swift; path = EditRecipeView.swift; sourceTree = "<group>"; };
		81D146982B1CF80B00464427 /* MultiSelectionView.swift */ = {isa = PBXFileReference; lastKnownFileType = sourcecode.swift; path = MultiSelectionView.swift; sourceTree = "<group>"; };
		81D1469A2B1CFAC100464427 /* MultiSelector.swift */ = {isa = PBXFileReference; lastKnownFileType = sourcecode.swift; path = MultiSelector.swift; sourceTree = "<group>"; };
		81D1469C2B1D372D00464427 /* SelectCategoryView.swift */ = {isa = PBXFileReference; lastKnownFileType = sourcecode.swift; path = SelectCategoryView.swift; sourceTree = "<group>"; };
		81D1469E2B1D5D2600464427 /* CategorySheetView.swift */ = {isa = PBXFileReference; lastKnownFileType = sourcecode.swift; path = CategorySheetView.swift; sourceTree = "<group>"; };
		81D146A02B1E21BA00464427 /* CategorySheetComponentView.swift */ = {isa = PBXFileReference; lastKnownFileType = sourcecode.swift; path = CategorySheetComponentView.swift; sourceTree = "<group>"; };
		81D146A22B1E2AC800464427 /* CategoriesInitializer.json */ = {isa = PBXFileReference; lastKnownFileType = text.json; path = CategoriesInitializer.json; sourceTree = "<group>"; };
		81D146A42B1EE4EB00464427 /* HomePageView.swift */ = {isa = PBXFileReference; lastKnownFileType = sourcecode.swift; path = HomePageView.swift; sourceTree = "<group>"; };
		81D146AC2B23D65D00464427 /* RatingsDisplayView.swift */ = {isa = PBXFileReference; lastKnownFileType = sourcecode.swift; path = RatingsDisplayView.swift; sourceTree = "<group>"; };
		81D146AE2B24F91100464427 /* NewCategoryView.swift */ = {isa = PBXFileReference; lastKnownFileType = sourcecode.swift; path = NewCategoryView.swift; sourceTree = "<group>"; };
/* End PBXFileReference section */

/* Begin PBXFrameworksBuildPhase section */
		817665022B0674C000D640F1 /* Frameworks */ = {
			isa = PBXFrameworksBuildPhase;
			buildActionMask = 2147483647;
			files = (
				8176653C2B13C45700D640F1 /* AWSS3 in Frameworks */,
				817228DF2B141A41002AAE3C /* Amplify in Frameworks */,
				817665372B0674EB00D640F1 /* MarkdownUI in Frameworks */,
				817228DB2B141A41002AAE3C /* AWSCognitoAuthPlugin in Frameworks */,
				81D146972B1CECE600464427 /* MultiPicker in Frameworks */,
				817228DD2B141A41002AAE3C /* AWSS3StoragePlugin in Frameworks */,
			);
			runOnlyForDeploymentPostprocessing = 0;
		};
		817665152B0674C100D640F1 /* Frameworks */ = {
			isa = PBXFrameworksBuildPhase;
			buildActionMask = 2147483647;
			files = (
			);
			runOnlyForDeploymentPostprocessing = 0;
		};
		8176651F2B0674C200D640F1 /* Frameworks */ = {
			isa = PBXFrameworksBuildPhase;
			buildActionMask = 2147483647;
			files = (
			);
			runOnlyForDeploymentPostprocessing = 0;
		};
/* End PBXFrameworksBuildPhase section */

/* Begin PBXGroup section */
		815F3AA12B28608100E455EA /* Views */ = {
			isa = PBXGroup;
			children = (
				8176650A2B0674C000D640F1 /* ContentView.swift */,
				81D146912B18E24900464427 /* NoRecipesView.swift */,
				815F3A9F2B282C0D00E455EA /* RecipeInformationView.swift */,
				81D146A42B1EE4EB00464427 /* HomePageView.swift */,
				81D146932B18E8C200464427 /* EditRecipeView.swift */,
				815F3AA52B2860C600E455EA /* Sheets */,
			);
			name = Views;
			sourceTree = "<group>";
		};
		815F3AA22B28609400E455EA /* Models */ = {
			isa = PBXGroup;
			children = (
				817228D52B13FA8B002AAE3C /* Recipe.swift */,
				817228EA2B14550F002AAE3C /* RecipeJSON.swift */,
			);
			name = Models;
			sourceTree = "<group>";
		};
		815F3AA32B28609F00E455EA /* Helpers */ = {
			isa = PBXGroup;
			children = (
				817228EE2B15B2D8002AAE3C /* IngredientInputView.swift */,
				8158EA2A2B2B712300CB10F4 /* RecipeSegmentedView.swift */,
				817228F02B163B7D002AAE3C /* DirectionInputView.swift */,
				817228F62B185819002AAE3C /* HeartFavoriteView.swift */,
				817228F42B1796E8002AAE3C /* RatingsView.swift */,
				8158EA242B2B70D900CB10F4 /* DirectionsView.swift */,
				815F3AAC2B28E05800E455EA /* MealInfoView.swift */,
				81D146AC2B23D65D00464427 /* RatingsDisplayView.swift */,
				815F3A992B2686CC00E455EA /* HeartDisplayView.swift */,
				81D146982B1CF80B00464427 /* MultiSelectionView.swift */,
				81D1469A2B1CFAC100464427 /* MultiSelector.swift */,
				817228E62B144D64002AAE3C /* RecipeComponentView.swift */,
				815F3A972B267FF800E455EA /* RecipeCardView.swift */,
				81D146A02B1E21BA00464427 /* CategorySheetComponentView.swift */,
				8158EA222B2B70BF00CB10F4 /* SearchFilter.swift */,
				8158EA262B2B70EB00CB10F4 /* IngredientsView.swift */,
			);
			name = Helpers;
			sourceTree = "<group>";
		};
		815F3AA42B2860AA00E455EA /* Initializers */ = {
			isa = PBXGroup;
			children = (
				81D146A22B1E2AC800464427 /* CategoriesInitializer.json */,
				817228E82B1450E0002AAE3C /* RecipesInitializer.json */,
			);
			name = Initializers;
			sourceTree = "<group>";
		};
		815F3AA52B2860C600E455EA /* Sheets */ = {
			isa = PBXGroup;
			children = (
				8158EA282B2B710500CB10F4 /* ScalePopoverView.swift */,
				815F3A9B2B27C1B300E455EA /* SearchOptionsSheetView.swift */,
				81D1469E2B1D5D2600464427 /* CategorySheetView.swift */,
				81D1469C2B1D372D00464427 /* SelectCategoryView.swift */,
				81D146AE2B24F91100464427 /* NewCategoryView.swift */,
			);
			name = Sheets;
			sourceTree = "<group>";
		};
		815F3AA72B28CD6500E455EA /* Extensions */ = {
			isa = PBXGroup;
			children = (
				815F3AA82B28CD7D00E455EA /* View+ToolbarBackground.swift */,
				815F3AAA2B28D49800E455EA /* View+Encapsulate.swift */,
				8158EA2C2B2B724A00CB10F4 /* DateFormatter+CustomDateFormatter.swift */,
			);
			name = Extensions;
			sourceTree = "<group>";
		};
		817664FC2B0674C000D640F1 = {
			isa = PBXGroup;
			children = (
				817665072B0674C000D640F1 /* Recipes */,
				8176651B2B0674C100D640F1 /* RecipesTests */,
				817665252B0674C200D640F1 /* RecipesUITests */,
				817665062B0674C000D640F1 /* Products */,
			);
			sourceTree = "<group>";
		};
		817665062B0674C000D640F1 /* Products */ = {
			isa = PBXGroup;
			children = (
				817665052B0674C000D640F1 /* Recipes.app */,
				817665182B0674C100D640F1 /* RecipesTests.xctest */,
				817665222B0674C200D640F1 /* RecipesUITests.xctest */,
			);
			name = Products;
			sourceTree = "<group>";
		};
		817665072B0674C000D640F1 /* Recipes */ = {
			isa = PBXGroup;
			children = (
				815F3AA72B28CD6500E455EA /* Extensions */,
				815F3AA42B2860AA00E455EA /* Initializers */,
				815F3AA32B28609F00E455EA /* Helpers */,
				815F3AA22B28609400E455EA /* Models */,
				815F3AA12B28608100E455EA /* Views */,
				817665082B0674C000D640F1 /* RecipesApp.swift */,
				8176650E2B0674C100D640F1 /* Assets.xcassets */,
				817665102B0674C100D640F1 /* Recipes.entitlements */,
				817665112B0674C100D640F1 /* Preview Content */,
			);
			path = Recipes;
			sourceTree = "<group>";
		};
		817665112B0674C100D640F1 /* Preview Content */ = {
			isa = PBXGroup;
			children = (
				817665122B0674C100D640F1 /* Preview Assets.xcassets */,
			);
			path = "Preview Content";
			sourceTree = "<group>";
		};
		8176651B2B0674C100D640F1 /* RecipesTests */ = {
			isa = PBXGroup;
			children = (
				8176651C2B0674C100D640F1 /* RecipesTests.swift */,
			);
			path = RecipesTests;
			sourceTree = "<group>";
		};
		817665252B0674C200D640F1 /* RecipesUITests */ = {
			isa = PBXGroup;
			children = (
				817665262B0674C200D640F1 /* RecipesUITests.swift */,
				817665282B0674C200D640F1 /* RecipesUITestsLaunchTests.swift */,
			);
			path = RecipesUITests;
			sourceTree = "<group>";
		};
/* End PBXGroup section */

/* Begin PBXNativeTarget section */
		817665042B0674C000D640F1 /* Recipes */ = {
			isa = PBXNativeTarget;
			buildConfigurationList = 8176652C2B0674C200D640F1 /* Build configuration list for PBXNativeTarget "Recipes" */;
			buildPhases = (
				817665012B0674C000D640F1 /* Sources */,
				817665022B0674C000D640F1 /* Frameworks */,
				817665032B0674C000D640F1 /* Resources */,
			);
			buildRules = (
			);
			dependencies = (
			);
			name = Recipes;
			packageProductDependencies = (
				817665362B0674EB00D640F1 /* MarkdownUI */,
				8176653B2B13C45700D640F1 /* AWSS3 */,
				817228DA2B141A41002AAE3C /* AWSCognitoAuthPlugin */,
				817228DC2B141A41002AAE3C /* AWSS3StoragePlugin */,
				817228DE2B141A41002AAE3C /* Amplify */,
				81D146962B1CECE600464427 /* MultiPicker */,
			);
			productName = Recipes;
			productReference = 817665052B0674C000D640F1 /* Recipes.app */;
			productType = "com.apple.product-type.application";
		};
		817665172B0674C100D640F1 /* RecipesTests */ = {
			isa = PBXNativeTarget;
			buildConfigurationList = 8176652F2B0674C200D640F1 /* Build configuration list for PBXNativeTarget "RecipesTests" */;
			buildPhases = (
				817665142B0674C100D640F1 /* Sources */,
				817665152B0674C100D640F1 /* Frameworks */,
				817665162B0674C100D640F1 /* Resources */,
			);
			buildRules = (
			);
			dependencies = (
				8176651A2B0674C100D640F1 /* PBXTargetDependency */,
			);
			name = RecipesTests;
			productName = RecipesTests;
			productReference = 817665182B0674C100D640F1 /* RecipesTests.xctest */;
			productType = "com.apple.product-type.bundle.unit-test";
		};
		817665212B0674C200D640F1 /* RecipesUITests */ = {
			isa = PBXNativeTarget;
			buildConfigurationList = 817665322B0674C200D640F1 /* Build configuration list for PBXNativeTarget "RecipesUITests" */;
			buildPhases = (
				8176651E2B0674C200D640F1 /* Sources */,
				8176651F2B0674C200D640F1 /* Frameworks */,
				817665202B0674C200D640F1 /* Resources */,
			);
			buildRules = (
			);
			dependencies = (
				817665242B0674C200D640F1 /* PBXTargetDependency */,
			);
			name = RecipesUITests;
			productName = RecipesUITests;
			productReference = 817665222B0674C200D640F1 /* RecipesUITests.xctest */;
			productType = "com.apple.product-type.bundle.ui-testing";
		};
/* End PBXNativeTarget section */

/* Begin PBXProject section */
		817664FD2B0674C000D640F1 /* Project object */ = {
			isa = PBXProject;
			attributes = {
				BuildIndependentTargetsInParallel = 1;
				LastSwiftUpdateCheck = 1500;
				LastUpgradeCheck = 1500;
				TargetAttributes = {
					817665042B0674C000D640F1 = {
						CreatedOnToolsVersion = 15.0;
					};
					817665172B0674C100D640F1 = {
						CreatedOnToolsVersion = 15.0;
						TestTargetID = 817665042B0674C000D640F1;
					};
					817665212B0674C200D640F1 = {
						CreatedOnToolsVersion = 15.0;
						TestTargetID = 817665042B0674C000D640F1;
					};
				};
			};
			buildConfigurationList = 817665002B0674C000D640F1 /* Build configuration list for PBXProject "Recipes" */;
			compatibilityVersion = "Xcode 14.0";
			developmentRegion = en;
			hasScannedForEncodings = 0;
			knownRegions = (
				en,
				Base,
			);
			mainGroup = 817664FC2B0674C000D640F1;
			packageReferences = (
				817665352B0674EB00D640F1 /* XCRemoteSwiftPackageReference "swift-markdown-ui" */,
				8176653A2B13C45700D640F1 /* XCRemoteSwiftPackageReference "aws-sdk-swift" */,
				817228D92B141A41002AAE3C /* XCRemoteSwiftPackageReference "amplify-ios" */,
				81D146952B1CECE600464427 /* XCRemoteSwiftPackageReference "MultiPicker" */,
			);
			productRefGroup = 817665062B0674C000D640F1 /* Products */;
			projectDirPath = "";
			projectRoot = "";
			targets = (
				817665042B0674C000D640F1 /* Recipes */,
				817665172B0674C100D640F1 /* RecipesTests */,
				817665212B0674C200D640F1 /* RecipesUITests */,
			);
		};
/* End PBXProject section */

/* Begin PBXResourcesBuildPhase section */
		817665032B0674C000D640F1 /* Resources */ = {
			isa = PBXResourcesBuildPhase;
			buildActionMask = 2147483647;
			files = (
				817665132B0674C100D640F1 /* Preview Assets.xcassets in Resources */,
				8176650F2B0674C100D640F1 /* Assets.xcassets in Resources */,
				817228E92B1450E0002AAE3C /* RecipesInitializer.json in Resources */,
				81D146A32B1E2AC800464427 /* CategoriesInitializer.json in Resources */,
			);
			runOnlyForDeploymentPostprocessing = 0;
		};
		817665162B0674C100D640F1 /* Resources */ = {
			isa = PBXResourcesBuildPhase;
			buildActionMask = 2147483647;
			files = (
			);
			runOnlyForDeploymentPostprocessing = 0;
		};
		817665202B0674C200D640F1 /* Resources */ = {
			isa = PBXResourcesBuildPhase;
			buildActionMask = 2147483647;
			files = (
			);
			runOnlyForDeploymentPostprocessing = 0;
		};
/* End PBXResourcesBuildPhase section */

/* Begin PBXSourcesBuildPhase section */
		817665012B0674C000D640F1 /* Sources */ = {
			isa = PBXSourcesBuildPhase;
			buildActionMask = 2147483647;
			files = (
				81D1469F2B1D5D2600464427 /* CategorySheetView.swift in Sources */,
				8158EA272B2B70EB00CB10F4 /* IngredientsView.swift in Sources */,
				817228EF2B15B2D8002AAE3C /* IngredientInputView.swift in Sources */,
				817228EB2B14550F002AAE3C /* RecipeJSON.swift in Sources */,
				817228F72B185819002AAE3C /* HeartFavoriteView.swift in Sources */,
				8176650B2B0674C000D640F1 /* ContentView.swift in Sources */,
				8158EA2B2B2B712300CB10F4 /* RecipeSegmentedView.swift in Sources */,
				8158EA232B2B70BF00CB10F4 /* SearchFilter.swift in Sources */,
				81D1469D2B1D372D00464427 /* SelectCategoryView.swift in Sources */,
				817228E72B144D64002AAE3C /* RecipeComponentView.swift in Sources */,
				81D1469B2B1CFAC100464427 /* MultiSelector.swift in Sources */,
				817228F52B1796E8002AAE3C /* RatingsView.swift in Sources */,
				8158EA2D2B2B724A00CB10F4 /* DateFormatter+CustomDateFormatter.swift in Sources */,
				815F3A9A2B2686CC00E455EA /* HeartDisplayView.swift in Sources */,
				815F3A982B267FF800E455EA /* RecipeCardView.swift in Sources */,
				81D146942B18E8C200464427 /* EditRecipeView.swift in Sources */,
				817665092B0674C000D640F1 /* RecipesApp.swift in Sources */,
				81D146992B1CF80B00464427 /* MultiSelectionView.swift in Sources */,
				815F3A9C2B27C1B300E455EA /* SearchOptionsSheetView.swift in Sources */,
				81D146922B18E24900464427 /* NoRecipesView.swift in Sources */,
				8158EA252B2B70D900CB10F4 /* DirectionsView.swift in Sources */,
				815F3AA02B282C0D00E455EA /* RecipeInformationView.swift in Sources */,
				815F3AAB2B28D49800E455EA /* View+Encapsulate.swift in Sources */,
				817228F12B163B7D002AAE3C /* DirectionInputView.swift in Sources */,
				81D146A12B1E21BA00464427 /* CategorySheetComponentView.swift in Sources */,
				8158EA292B2B710500CB10F4 /* ScalePopoverView.swift in Sources */,
				81D146AF2B24F91100464427 /* NewCategoryView.swift in Sources */,
				81D146AD2B23D65D00464427 /* RatingsDisplayView.swift in Sources */,
				817228D62B13FA8B002AAE3C /* Recipe.swift in Sources */,
				815F3AA92B28CD7D00E455EA /* View+ToolbarBackground.swift in Sources */,
				81D146A52B1EE4EB00464427 /* HomePageView.swift in Sources */,
				815F3AAD2B28E05800E455EA /* MealInfoView.swift in Sources */,
			);
			runOnlyForDeploymentPostprocessing = 0;
		};
		817665142B0674C100D640F1 /* Sources */ = {
			isa = PBXSourcesBuildPhase;
			buildActionMask = 2147483647;
			files = (
				8176651D2B0674C100D640F1 /* RecipesTests.swift in Sources */,
			);
			runOnlyForDeploymentPostprocessing = 0;
		};
		8176651E2B0674C200D640F1 /* Sources */ = {
			isa = PBXSourcesBuildPhase;
			buildActionMask = 2147483647;
			files = (
				817665292B0674C200D640F1 /* RecipesUITestsLaunchTests.swift in Sources */,
				817665272B0674C200D640F1 /* RecipesUITests.swift in Sources */,
			);
			runOnlyForDeploymentPostprocessing = 0;
		};
/* End PBXSourcesBuildPhase section */

/* Begin PBXTargetDependency section */
		8176651A2B0674C100D640F1 /* PBXTargetDependency */ = {
			isa = PBXTargetDependency;
			target = 817665042B0674C000D640F1 /* Recipes */;
			targetProxy = 817665192B0674C100D640F1 /* PBXContainerItemProxy */;
		};
		817665242B0674C200D640F1 /* PBXTargetDependency */ = {
			isa = PBXTargetDependency;
			target = 817665042B0674C000D640F1 /* Recipes */;
			targetProxy = 817665232B0674C200D640F1 /* PBXContainerItemProxy */;
		};
/* End PBXTargetDependency section */

/* Begin XCBuildConfiguration section */
		8176652A2B0674C200D640F1 /* Debug */ = {
			isa = XCBuildConfiguration;
			buildSettings = {
				ALWAYS_SEARCH_USER_PATHS = NO;
				ASSETCATALOG_COMPILER_GENERATE_SWIFT_ASSET_SYMBOL_EXTENSIONS = YES;
				CLANG_ANALYZER_NONNULL = YES;
				CLANG_ANALYZER_NUMBER_OBJECT_CONVERSION = YES_AGGRESSIVE;
				CLANG_CXX_LANGUAGE_STANDARD = "gnu++20";
				CLANG_ENABLE_MODULES = YES;
				CLANG_ENABLE_OBJC_ARC = YES;
				CLANG_ENABLE_OBJC_WEAK = YES;
				CLANG_WARN_BLOCK_CAPTURE_AUTORELEASING = YES;
				CLANG_WARN_BOOL_CONVERSION = YES;
				CLANG_WARN_COMMA = YES;
				CLANG_WARN_CONSTANT_CONVERSION = YES;
				CLANG_WARN_DEPRECATED_OBJC_IMPLEMENTATIONS = YES;
				CLANG_WARN_DIRECT_OBJC_ISA_USAGE = YES_ERROR;
				CLANG_WARN_DOCUMENTATION_COMMENTS = YES;
				CLANG_WARN_EMPTY_BODY = YES;
				CLANG_WARN_ENUM_CONVERSION = YES;
				CLANG_WARN_INFINITE_RECURSION = YES;
				CLANG_WARN_INT_CONVERSION = YES;
				CLANG_WARN_NON_LITERAL_NULL_CONVERSION = YES;
				CLANG_WARN_OBJC_IMPLICIT_RETAIN_SELF = YES;
				CLANG_WARN_OBJC_LITERAL_CONVERSION = YES;
				CLANG_WARN_OBJC_ROOT_CLASS = YES_ERROR;
				CLANG_WARN_QUOTED_INCLUDE_IN_FRAMEWORK_HEADER = YES;
				CLANG_WARN_RANGE_LOOP_ANALYSIS = YES;
				CLANG_WARN_STRICT_PROTOTYPES = YES;
				CLANG_WARN_SUSPICIOUS_MOVE = YES;
				CLANG_WARN_UNGUARDED_AVAILABILITY = YES_AGGRESSIVE;
				CLANG_WARN_UNREACHABLE_CODE = YES;
				CLANG_WARN__DUPLICATE_METHOD_MATCH = YES;
				COPY_PHASE_STRIP = NO;
				DEBUG_INFORMATION_FORMAT = dwarf;
				ENABLE_STRICT_OBJC_MSGSEND = YES;
				ENABLE_TESTABILITY = YES;
				ENABLE_USER_SCRIPT_SANDBOXING = YES;
				GCC_C_LANGUAGE_STANDARD = gnu17;
				GCC_DYNAMIC_NO_PIC = NO;
				GCC_NO_COMMON_BLOCKS = YES;
				GCC_OPTIMIZATION_LEVEL = 0;
				GCC_PREPROCESSOR_DEFINITIONS = (
					"DEBUG=1",
					"$(inherited)",
				);
				GCC_WARN_64_TO_32_BIT_CONVERSION = YES;
				GCC_WARN_ABOUT_RETURN_TYPE = YES_ERROR;
				GCC_WARN_UNDECLARED_SELECTOR = YES;
				GCC_WARN_UNINITIALIZED_AUTOS = YES_AGGRESSIVE;
				GCC_WARN_UNUSED_FUNCTION = YES;
				GCC_WARN_UNUSED_VARIABLE = YES;
				LOCALIZATION_PREFERS_STRING_CATALOGS = YES;
				MTL_ENABLE_DEBUG_INFO = INCLUDE_SOURCE;
				MTL_FAST_MATH = YES;
				ONLY_ACTIVE_ARCH = YES;
				SWIFT_ACTIVE_COMPILATION_CONDITIONS = "DEBUG $(inherited)";
				SWIFT_OPTIMIZATION_LEVEL = "-Onone";
			};
			name = Debug;
		};
		8176652B2B0674C200D640F1 /* Release */ = {
			isa = XCBuildConfiguration;
			buildSettings = {
				ALWAYS_SEARCH_USER_PATHS = NO;
				ASSETCATALOG_COMPILER_GENERATE_SWIFT_ASSET_SYMBOL_EXTENSIONS = YES;
				CLANG_ANALYZER_NONNULL = YES;
				CLANG_ANALYZER_NUMBER_OBJECT_CONVERSION = YES_AGGRESSIVE;
				CLANG_CXX_LANGUAGE_STANDARD = "gnu++20";
				CLANG_ENABLE_MODULES = YES;
				CLANG_ENABLE_OBJC_ARC = YES;
				CLANG_ENABLE_OBJC_WEAK = YES;
				CLANG_WARN_BLOCK_CAPTURE_AUTORELEASING = YES;
				CLANG_WARN_BOOL_CONVERSION = YES;
				CLANG_WARN_COMMA = YES;
				CLANG_WARN_CONSTANT_CONVERSION = YES;
				CLANG_WARN_DEPRECATED_OBJC_IMPLEMENTATIONS = YES;
				CLANG_WARN_DIRECT_OBJC_ISA_USAGE = YES_ERROR;
				CLANG_WARN_DOCUMENTATION_COMMENTS = YES;
				CLANG_WARN_EMPTY_BODY = YES;
				CLANG_WARN_ENUM_CONVERSION = YES;
				CLANG_WARN_INFINITE_RECURSION = YES;
				CLANG_WARN_INT_CONVERSION = YES;
				CLANG_WARN_NON_LITERAL_NULL_CONVERSION = YES;
				CLANG_WARN_OBJC_IMPLICIT_RETAIN_SELF = YES;
				CLANG_WARN_OBJC_LITERAL_CONVERSION = YES;
				CLANG_WARN_OBJC_ROOT_CLASS = YES_ERROR;
				CLANG_WARN_QUOTED_INCLUDE_IN_FRAMEWORK_HEADER = YES;
				CLANG_WARN_RANGE_LOOP_ANALYSIS = YES;
				CLANG_WARN_STRICT_PROTOTYPES = YES;
				CLANG_WARN_SUSPICIOUS_MOVE = YES;
				CLANG_WARN_UNGUARDED_AVAILABILITY = YES_AGGRESSIVE;
				CLANG_WARN_UNREACHABLE_CODE = YES;
				CLANG_WARN__DUPLICATE_METHOD_MATCH = YES;
				COPY_PHASE_STRIP = NO;
				DEBUG_INFORMATION_FORMAT = "dwarf-with-dsym";
				ENABLE_NS_ASSERTIONS = NO;
				ENABLE_STRICT_OBJC_MSGSEND = YES;
				ENABLE_USER_SCRIPT_SANDBOXING = YES;
				GCC_C_LANGUAGE_STANDARD = gnu17;
				GCC_NO_COMMON_BLOCKS = YES;
				GCC_WARN_64_TO_32_BIT_CONVERSION = YES;
				GCC_WARN_ABOUT_RETURN_TYPE = YES_ERROR;
				GCC_WARN_UNDECLARED_SELECTOR = YES;
				GCC_WARN_UNINITIALIZED_AUTOS = YES_AGGRESSIVE;
				GCC_WARN_UNUSED_FUNCTION = YES;
				GCC_WARN_UNUSED_VARIABLE = YES;
				LOCALIZATION_PREFERS_STRING_CATALOGS = YES;
				MTL_ENABLE_DEBUG_INFO = NO;
				MTL_FAST_MATH = YES;
				SWIFT_COMPILATION_MODE = wholemodule;
			};
			name = Release;
		};
		8176652D2B0674C200D640F1 /* Debug */ = {
			isa = XCBuildConfiguration;
			buildSettings = {
				ASSETCATALOG_COMPILER_APPICON_NAME = AppIcon;
				ASSETCATALOG_COMPILER_GLOBAL_ACCENT_COLOR_NAME = AccentColor;
				CODE_SIGN_ENTITLEMENTS = Recipes/Recipes.entitlements;
				CODE_SIGN_STYLE = Automatic;
				CURRENT_PROJECT_VERSION = 1;
				DEVELOPMENT_ASSET_PATHS = "\"Recipes/Preview Content\"";
				DEVELOPMENT_TEAM = UJF887P8BY;
				ENABLE_HARDENED_RUNTIME = YES;
				ENABLE_PREVIEWS = YES;
				GENERATE_INFOPLIST_FILE = YES;
				"INFOPLIST_KEY_UIApplicationSceneManifest_Generation[sdk=iphoneos*]" = YES;
				"INFOPLIST_KEY_UIApplicationSceneManifest_Generation[sdk=iphonesimulator*]" = YES;
				"INFOPLIST_KEY_UIApplicationSupportsIndirectInputEvents[sdk=iphoneos*]" = YES;
				"INFOPLIST_KEY_UIApplicationSupportsIndirectInputEvents[sdk=iphonesimulator*]" = YES;
				"INFOPLIST_KEY_UILaunchScreen_Generation[sdk=iphoneos*]" = YES;
				"INFOPLIST_KEY_UILaunchScreen_Generation[sdk=iphonesimulator*]" = YES;
				"INFOPLIST_KEY_UIStatusBarStyle[sdk=iphoneos*]" = UIStatusBarStyleDefault;
				"INFOPLIST_KEY_UIStatusBarStyle[sdk=iphonesimulator*]" = UIStatusBarStyleDefault;
				INFOPLIST_KEY_UISupportedInterfaceOrientations_iPad = "UIInterfaceOrientationPortrait UIInterfaceOrientationPortraitUpsideDown UIInterfaceOrientationLandscapeLeft UIInterfaceOrientationLandscapeRight";
				INFOPLIST_KEY_UISupportedInterfaceOrientations_iPhone = "UIInterfaceOrientationPortrait UIInterfaceOrientationLandscapeLeft UIInterfaceOrientationLandscapeRight";
				IPHONEOS_DEPLOYMENT_TARGET = 17.0;
				LD_RUNPATH_SEARCH_PATHS = "@executable_path/Frameworks";
				"LD_RUNPATH_SEARCH_PATHS[sdk=macosx*]" = "@executable_path/../Frameworks";
				MACOSX_DEPLOYMENT_TARGET = 14.0;
				MARKETING_VERSION = 1.0;
				PRODUCT_BUNDLE_IDENTIFIER = com.Noelia.Recipes;
				PRODUCT_NAME = "$(TARGET_NAME)";
				SDKROOT = auto;
				SUPPORTED_PLATFORMS = "iphoneos iphonesimulator macosx";
				SWIFT_EMIT_LOC_STRINGS = YES;
				SWIFT_VERSION = 5.0;
				TARGETED_DEVICE_FAMILY = "1,2";
			};
			name = Debug;
		};
		8176652E2B0674C200D640F1 /* Release */ = {
			isa = XCBuildConfiguration;
			buildSettings = {
				ASSETCATALOG_COMPILER_APPICON_NAME = AppIcon;
				ASSETCATALOG_COMPILER_GLOBAL_ACCENT_COLOR_NAME = AccentColor;
				CODE_SIGN_ENTITLEMENTS = Recipes/Recipes.entitlements;
				CODE_SIGN_STYLE = Automatic;
				CURRENT_PROJECT_VERSION = 1;
				DEVELOPMENT_ASSET_PATHS = "\"Recipes/Preview Content\"";
				DEVELOPMENT_TEAM = UJF887P8BY;
				ENABLE_HARDENED_RUNTIME = YES;
				ENABLE_PREVIEWS = YES;
				GENERATE_INFOPLIST_FILE = YES;
				"INFOPLIST_KEY_UIApplicationSceneManifest_Generation[sdk=iphoneos*]" = YES;
				"INFOPLIST_KEY_UIApplicationSceneManifest_Generation[sdk=iphonesimulator*]" = YES;
				"INFOPLIST_KEY_UIApplicationSupportsIndirectInputEvents[sdk=iphoneos*]" = YES;
				"INFOPLIST_KEY_UIApplicationSupportsIndirectInputEvents[sdk=iphonesimulator*]" = YES;
				"INFOPLIST_KEY_UILaunchScreen_Generation[sdk=iphoneos*]" = YES;
				"INFOPLIST_KEY_UILaunchScreen_Generation[sdk=iphonesimulator*]" = YES;
				"INFOPLIST_KEY_UIStatusBarStyle[sdk=iphoneos*]" = UIStatusBarStyleDefault;
				"INFOPLIST_KEY_UIStatusBarStyle[sdk=iphonesimulator*]" = UIStatusBarStyleDefault;
				INFOPLIST_KEY_UISupportedInterfaceOrientations_iPad = "UIInterfaceOrientationPortrait UIInterfaceOrientationPortraitUpsideDown UIInterfaceOrientationLandscapeLeft UIInterfaceOrientationLandscapeRight";
				INFOPLIST_KEY_UISupportedInterfaceOrientations_iPhone = "UIInterfaceOrientationPortrait UIInterfaceOrientationLandscapeLeft UIInterfaceOrientationLandscapeRight";
				IPHONEOS_DEPLOYMENT_TARGET = 17.0;
				LD_RUNPATH_SEARCH_PATHS = "@executable_path/Frameworks";
				"LD_RUNPATH_SEARCH_PATHS[sdk=macosx*]" = "@executable_path/../Frameworks";
				MACOSX_DEPLOYMENT_TARGET = 14.0;
				MARKETING_VERSION = 1.0;
				PRODUCT_BUNDLE_IDENTIFIER = com.Noelia.Recipes;
				PRODUCT_NAME = "$(TARGET_NAME)";
				SDKROOT = auto;
				SUPPORTED_PLATFORMS = "iphoneos iphonesimulator macosx";
				SWIFT_EMIT_LOC_STRINGS = YES;
				SWIFT_VERSION = 5.0;
				TARGETED_DEVICE_FAMILY = "1,2";
			};
			name = Release;
		};
		817665302B0674C200D640F1 /* Debug */ = {
			isa = XCBuildConfiguration;
			buildSettings = {
				ALWAYS_EMBED_SWIFT_STANDARD_LIBRARIES = YES;
				BUNDLE_LOADER = "$(TEST_HOST)";
				CODE_SIGN_STYLE = Automatic;
				CURRENT_PROJECT_VERSION = 1;
				DEVELOPMENT_TEAM = UJF887P8BY;
				GENERATE_INFOPLIST_FILE = YES;
				IPHONEOS_DEPLOYMENT_TARGET = 17.0;
				MACOSX_DEPLOYMENT_TARGET = 13.5;
				MARKETING_VERSION = 1.0;
				PRODUCT_BUNDLE_IDENTIFIER = com.Noelia.RecipesTests;
				PRODUCT_NAME = "$(TARGET_NAME)";
				SDKROOT = auto;
				SUPPORTED_PLATFORMS = "iphoneos iphonesimulator macosx";
				SWIFT_EMIT_LOC_STRINGS = NO;
				SWIFT_VERSION = 5.0;
				TARGETED_DEVICE_FAMILY = "1,2";
				TEST_HOST = "$(BUILT_PRODUCTS_DIR)/Recipes.app/$(BUNDLE_EXECUTABLE_FOLDER_PATH)/Recipes";
			};
			name = Debug;
		};
		817665312B0674C200D640F1 /* Release */ = {
			isa = XCBuildConfiguration;
			buildSettings = {
				ALWAYS_EMBED_SWIFT_STANDARD_LIBRARIES = YES;
				BUNDLE_LOADER = "$(TEST_HOST)";
				CODE_SIGN_STYLE = Automatic;
				CURRENT_PROJECT_VERSION = 1;
				DEVELOPMENT_TEAM = UJF887P8BY;
				GENERATE_INFOPLIST_FILE = YES;
				IPHONEOS_DEPLOYMENT_TARGET = 17.0;
				MACOSX_DEPLOYMENT_TARGET = 13.5;
				MARKETING_VERSION = 1.0;
				PRODUCT_BUNDLE_IDENTIFIER = com.Noelia.RecipesTests;
				PRODUCT_NAME = "$(TARGET_NAME)";
				SDKROOT = auto;
				SUPPORTED_PLATFORMS = "iphoneos iphonesimulator macosx";
				SWIFT_EMIT_LOC_STRINGS = NO;
				SWIFT_VERSION = 5.0;
				TARGETED_DEVICE_FAMILY = "1,2";
				TEST_HOST = "$(BUILT_PRODUCTS_DIR)/Recipes.app/$(BUNDLE_EXECUTABLE_FOLDER_PATH)/Recipes";
			};
			name = Release;
		};
		817665332B0674C200D640F1 /* Debug */ = {
			isa = XCBuildConfiguration;
			buildSettings = {
				ALWAYS_EMBED_SWIFT_STANDARD_LIBRARIES = YES;
				CODE_SIGN_STYLE = Automatic;
				CURRENT_PROJECT_VERSION = 1;
				DEVELOPMENT_TEAM = UJF887P8BY;
				GENERATE_INFOPLIST_FILE = YES;
				IPHONEOS_DEPLOYMENT_TARGET = 17.0;
				MACOSX_DEPLOYMENT_TARGET = 13.5;
				MARKETING_VERSION = 1.0;
				PRODUCT_BUNDLE_IDENTIFIER = com.Noelia.RecipesUITests;
				PRODUCT_NAME = "$(TARGET_NAME)";
				SDKROOT = auto;
				SUPPORTED_PLATFORMS = "iphoneos iphonesimulator macosx";
				SWIFT_EMIT_LOC_STRINGS = NO;
				SWIFT_VERSION = 5.0;
				TARGETED_DEVICE_FAMILY = "1,2";
				TEST_TARGET_NAME = Recipes;
			};
			name = Debug;
		};
		817665342B0674C200D640F1 /* Release */ = {
			isa = XCBuildConfiguration;
			buildSettings = {
				ALWAYS_EMBED_SWIFT_STANDARD_LIBRARIES = YES;
				CODE_SIGN_STYLE = Automatic;
				CURRENT_PROJECT_VERSION = 1;
				DEVELOPMENT_TEAM = UJF887P8BY;
				GENERATE_INFOPLIST_FILE = YES;
				IPHONEOS_DEPLOYMENT_TARGET = 17.0;
				MACOSX_DEPLOYMENT_TARGET = 13.5;
				MARKETING_VERSION = 1.0;
				PRODUCT_BUNDLE_IDENTIFIER = com.Noelia.RecipesUITests;
				PRODUCT_NAME = "$(TARGET_NAME)";
				SDKROOT = auto;
				SUPPORTED_PLATFORMS = "iphoneos iphonesimulator macosx";
				SWIFT_EMIT_LOC_STRINGS = NO;
				SWIFT_VERSION = 5.0;
				TARGETED_DEVICE_FAMILY = "1,2";
				TEST_TARGET_NAME = Recipes;
			};
			name = Release;
		};
/* End XCBuildConfiguration section */

/* Begin XCConfigurationList section */
		817665002B0674C000D640F1 /* Build configuration list for PBXProject "Recipes" */ = {
			isa = XCConfigurationList;
			buildConfigurations = (
				8176652A2B0674C200D640F1 /* Debug */,
				8176652B2B0674C200D640F1 /* Release */,
			);
			defaultConfigurationIsVisible = 0;
			defaultConfigurationName = Release;
		};
		8176652C2B0674C200D640F1 /* Build configuration list for PBXNativeTarget "Recipes" */ = {
			isa = XCConfigurationList;
			buildConfigurations = (
				8176652D2B0674C200D640F1 /* Debug */,
				8176652E2B0674C200D640F1 /* Release */,
			);
			defaultConfigurationIsVisible = 0;
			defaultConfigurationName = Release;
		};
		8176652F2B0674C200D640F1 /* Build configuration list for PBXNativeTarget "RecipesTests" */ = {
			isa = XCConfigurationList;
			buildConfigurations = (
				817665302B0674C200D640F1 /* Debug */,
				817665312B0674C200D640F1 /* Release */,
			);
			defaultConfigurationIsVisible = 0;
			defaultConfigurationName = Release;
		};
		817665322B0674C200D640F1 /* Build configuration list for PBXNativeTarget "RecipesUITests" */ = {
			isa = XCConfigurationList;
			buildConfigurations = (
				817665332B0674C200D640F1 /* Debug */,
				817665342B0674C200D640F1 /* Release */,
			);
			defaultConfigurationIsVisible = 0;
			defaultConfigurationName = Release;
		};
/* End XCConfigurationList section */

/* Begin XCRemoteSwiftPackageReference section */
		817228D92B141A41002AAE3C /* XCRemoteSwiftPackageReference "amplify-ios" */ = {
			isa = XCRemoteSwiftPackageReference;
			repositoryURL = "https://github.com/aws-amplify/amplify-ios";
			requirement = {
				kind = upToNextMajorVersion;
				minimumVersion = 2.22.0;
			};
		};
		817665352B0674EB00D640F1 /* XCRemoteSwiftPackageReference "swift-markdown-ui" */ = {
			isa = XCRemoteSwiftPackageReference;
			repositoryURL = "https://github.com/gonzalezreal/swift-markdown-ui";
			requirement = {
				kind = upToNextMajorVersion;
				minimumVersion = 2.2.0;
			};
		};
		8176653A2B13C45700D640F1 /* XCRemoteSwiftPackageReference "aws-sdk-swift" */ = {
			isa = XCRemoteSwiftPackageReference;
			repositoryURL = "https://github.com/awslabs/aws-sdk-swift.git";
			requirement = {
				kind = upToNextMajorVersion;
				minimumVersion = 0.31.0;
			};
		};
		81D146952B1CECE600464427 /* XCRemoteSwiftPackageReference "MultiPicker" */ = {
			isa = XCRemoteSwiftPackageReference;
			repositoryURL = "https://github.com/toastersocks/MultiPicker.git";
			requirement = {
				branch = main;
				kind = branch;
			};
		};
/* End XCRemoteSwiftPackageReference section */

/* Begin XCSwiftPackageProductDependency section */
		817228DA2B141A41002AAE3C /* AWSCognitoAuthPlugin */ = {
			isa = XCSwiftPackageProductDependency;
			package = 817228D92B141A41002AAE3C /* XCRemoteSwiftPackageReference "amplify-ios" */;
			productName = AWSCognitoAuthPlugin;
		};
		817228DC2B141A41002AAE3C /* AWSS3StoragePlugin */ = {
			isa = XCSwiftPackageProductDependency;
			package = 817228D92B141A41002AAE3C /* XCRemoteSwiftPackageReference "amplify-ios" */;
			productName = AWSS3StoragePlugin;
		};
		817228DE2B141A41002AAE3C /* Amplify */ = {
			isa = XCSwiftPackageProductDependency;
			package = 817228D92B141A41002AAE3C /* XCRemoteSwiftPackageReference "amplify-ios" */;
			productName = Amplify;
		};
		817665362B0674EB00D640F1 /* MarkdownUI */ = {
			isa = XCSwiftPackageProductDependency;
			package = 817665352B0674EB00D640F1 /* XCRemoteSwiftPackageReference "swift-markdown-ui" */;
			productName = MarkdownUI;
		};
		8176653B2B13C45700D640F1 /* AWSS3 */ = {
			isa = XCSwiftPackageProductDependency;
			package = 8176653A2B13C45700D640F1 /* XCRemoteSwiftPackageReference "aws-sdk-swift" */;
			productName = AWSS3;
		};
		81D146962B1CECE600464427 /* MultiPicker */ = {
			isa = XCSwiftPackageProductDependency;
			package = 81D146952B1CECE600464427 /* XCRemoteSwiftPackageReference "MultiPicker" */;
			productName = MultiPicker;
		};
/* End XCSwiftPackageProductDependency section */
	};
	rootObject = 817664FD2B0674C000D640F1 /* Project object */;
}
